// !$*UTF8*$!
{
	archiveVersion = 1;
	classes = {
	};
	objectVersion = 46;
	objects = {

/* Begin PBXBuildFile section */
		651F6B8217A8D7CC00A5D1F1 /* alpha.c in Sources */ = {isa = PBXBuildFile; fileRef = 651F6B6E17A8D7CC00A5D1F1 /* alpha.c */; };
		651F6B8317A8D7CC00A5D1F1 /* arch.c in Sources */ = {isa = PBXBuildFile; fileRef = 651F6B7017A8D7CC00A5D1F1 /* arch.c */; };
		651F6B8417A8D7CC00A5D1F1 /* footer.c in Sources */ = {isa = PBXBuildFile; fileRef = 651F6B7217A8D7CC00A5D1F1 /* footer.c */; };
		651F6B8517A8D7CC00A5D1F1 /* header.c in Sources */ = {isa = PBXBuildFile; fileRef = 651F6B7317A8D7CC00A5D1F1 /* header.c */; };
		651F6B8617A8D7CC00A5D1F1 /* lm32.c in Sources */ = {isa = PBXBuildFile; fileRef = 651F6B7417A8D7CC00A5D1F1 /* lm32.c */; };
		651F6B8817A8D7CC00A5D1F1 /* loadelf.c in Sources */ = {isa = PBXBuildFile; fileRef = 651F6B7717A8D7CC00A5D1F1 /* loadelf.c */; };
		651F6B8917A8D7CC00A5D1F1 /* main.c in Sources */ = {isa = PBXBuildFile; fileRef = 651F6B7917A8D7CC00A5D1F1 /* main.c */; };
		651F6B8A17A8D7CC00A5D1F1 /* Makefile in Sources */ = {isa = PBXBuildFile; fileRef = 651F6B7A17A8D7CC00A5D1F1 /* Makefile */; };
		651F6B8B17A8D7CC00A5D1F1 /* memory.c in Sources */ = {isa = PBXBuildFile; fileRef = 651F6B7B17A8D7CC00A5D1F1 /* memory.c */; };
		651F6B8C17A8D7CC00A5D1F1 /* run_simple.c in Sources */ = {isa = PBXBuildFile; fileRef = 651F6B7D17A8D7CC00A5D1F1 /* run_simple.c */; };
		651F6B8D17A8D7CC00A5D1F1 /* run_sscalar_io.c in Sources */ = {isa = PBXBuildFile; fileRef = 651F6B7F17A8D7CC00A5D1F1 /* run_sscalar_io.c */; };
		651F6B8E17A8D7CC00A5D1F1 /* run_sscalar_oooe.c in Sources */ = {isa = PBXBuildFile; fileRef = 651F6B8017A8D7CC00A5D1F1 /* run_sscalar_oooe.c */; };
		6578DC4715F2928A00F19412 /* multisim.1 in CopyFiles */ = {isa = PBXBuildFile; fileRef = 6578DC4615F2928A00F19412 /* multisim.1 */; };
/* End PBXBuildFile section */

/* Begin PBXCopyFilesBuildPhase section */
		6578DC3E15F2928A00F19412 /* CopyFiles */ = {
			isa = PBXCopyFilesBuildPhase;
			buildActionMask = 2147483647;
			dstPath = /usr/share/man/man1/;
			dstSubfolderSpec = 0;
			files = (
				6578DC4715F2928A00F19412 /* multisim.1 in CopyFiles */,
			);
			runOnlyForDeploymentPostprocessing = 1;
		};
/* End PBXCopyFilesBuildPhase section */

/* Begin PBXFileReference section */
		651F6B6E17A8D7CC00A5D1F1 /* alpha.c */ = {isa = PBXFileReference; fileEncoding = 4; lastKnownFileType = sourcecode.c.c; path = alpha.c; sourceTree = "<group>"; };
		651F6B6F17A8D7CC00A5D1F1 /* alpha.h */ = {isa = PBXFileReference; fileEncoding = 4; lastKnownFileType = sourcecode.c.h; path = alpha.h; sourceTree = "<group>"; };
		651F6B7017A8D7CC00A5D1F1 /* arch.c */ = {isa = PBXFileReference; fileEncoding = 4; lastKnownFileType = sourcecode.c.c; path = arch.c; sourceTree = "<group>"; };
		651F6B7117A8D7CC00A5D1F1 /* arch.h */ = {isa = PBXFileReference; fileEncoding = 4; lastKnownFileType = sourcecode.c.h; path = arch.h; sourceTree = "<group>"; };
		651F6B7217A8D7CC00A5D1F1 /* footer.c */ = {isa = PBXFileReference; fileEncoding = 4; lastKnownFileType = sourcecode.c.c; path = footer.c; sourceTree = "<group>"; };
		651F6B7317A8D7CC00A5D1F1 /* header.c */ = {isa = PBXFileReference; fileEncoding = 4; lastKnownFileType = sourcecode.c.c; path = header.c; sourceTree = "<group>"; };
		651F6B7417A8D7CC00A5D1F1 /* lm32.c */ = {isa = PBXFileReference; fileEncoding = 4; lastKnownFileType = sourcecode.c.c; path = lm32.c; sourceTree = "<group>"; };
		651F6B7517A8D7CC00A5D1F1 /* lm32.h */ = {isa = PBXFileReference; fileEncoding = 4; lastKnownFileType = sourcecode.c.h; path = lm32.h; sourceTree = "<group>"; };
		651F6B7717A8D7CC00A5D1F1 /* loadelf.c */ = {isa = PBXFileReference; fileEncoding = 4; lastKnownFileType = sourcecode.c.c; path = loadelf.c; sourceTree = "<group>"; };
		651F6B7817A8D7CC00A5D1F1 /* loadelf.h */ = {isa = PBXFileReference; fileEncoding = 4; lastKnownFileType = sourcecode.c.h; path = loadelf.h; sourceTree = "<group>"; };
		651F6B7917A8D7CC00A5D1F1 /* main.c */ = {isa = PBXFileReference; fileEncoding = 4; lastKnownFileType = sourcecode.c.c; path = main.c; sourceTree = "<group>"; };
		651F6B7A17A8D7CC00A5D1F1 /* Makefile */ = {isa = PBXFileReference; fileEncoding = 4; lastKnownFileType = sourcecode.make; path = Makefile; sourceTree = "<group>"; };
		651F6B7B17A8D7CC00A5D1F1 /* memory.c */ = {isa = PBXFileReference; fileEncoding = 4; lastKnownFileType = sourcecode.c.c; path = memory.c; sourceTree = "<group>"; };
		651F6B7C17A8D7CC00A5D1F1 /* memory.h */ = {isa = PBXFileReference; fileEncoding = 4; lastKnownFileType = sourcecode.c.h; path = memory.h; sourceTree = "<group>"; };
		651F6B7D17A8D7CC00A5D1F1 /* run_simple.c */ = {isa = PBXFileReference; fileEncoding = 4; lastKnownFileType = sourcecode.c.c; path = run_simple.c; sourceTree = "<group>"; };
		651F6B7E17A8D7CC00A5D1F1 /* run_simple.h */ = {isa = PBXFileReference; fileEncoding = 4; lastKnownFileType = sourcecode.c.h; path = run_simple.h; sourceTree = "<group>"; };
		651F6B7F17A8D7CC00A5D1F1 /* run_sscalar_io.c */ = {isa = PBXFileReference; fileEncoding = 4; lastKnownFileType = sourcecode.c.c; path = run_sscalar_io.c; sourceTree = "<group>"; };
		651F6B8017A8D7CC00A5D1F1 /* run_sscalar_oooe.c */ = {isa = PBXFileReference; fileEncoding = 4; lastKnownFileType = sourcecode.c.c; path = run_sscalar_oooe.c; sourceTree = "<group>"; };
		651F6B8117A8D7CC00A5D1F1 /* sim.h */ = {isa = PBXFileReference; fileEncoding = 4; lastKnownFileType = sourcecode.c.h; path = sim.h; sourceTree = "<group>"; };
		6578DC4015F2928A00F19412 /* multisim */ = {isa = PBXFileReference; explicitFileType = "compiled.mach-o.executable"; includeInIndex = 0; path = multisim; sourceTree = BUILT_PRODUCTS_DIR; };
		6578DC4615F2928A00F19412 /* multisim.1 */ = {isa = PBXFileReference; lastKnownFileType = text.man; path = multisim.1; sourceTree = "<group>"; };
/* End PBXFileReference section */

/* Begin PBXFrameworksBuildPhase section */
		6578DC3D15F2928A00F19412 /* Frameworks */ = {
			isa = PBXFrameworksBuildPhase;
			buildActionMask = 2147483647;
			files = (
			);
			runOnlyForDeploymentPostprocessing = 0;
		};
/* End PBXFrameworksBuildPhase section */

/* Begin PBXGroup section */
		6578DC3515F2928A00F19412 = {
			isa = PBXGroup;
			children = (
				6578DC4315F2928A00F19412 /* multisim */,
				6578DC4115F2928A00F19412 /* Products */,
			);
			sourceTree = "<group>";
		};
		6578DC4115F2928A00F19412 /* Products */ = {
			isa = PBXGroup;
			children = (
				6578DC4015F2928A00F19412 /* multisim */,
			);
			name = Products;
			sourceTree = "<group>";
		};
		6578DC4315F2928A00F19412 /* multisim */ = {
			isa = PBXGroup;
			children = (
				651F6B6E17A8D7CC00A5D1F1 /* alpha.c */,
				651F6B6F17A8D7CC00A5D1F1 /* alpha.h */,
				651F6B7017A8D7CC00A5D1F1 /* arch.c */,
				651F6B7117A8D7CC00A5D1F1 /* arch.h */,
				651F6B7217A8D7CC00A5D1F1 /* footer.c */,
				651F6B7317A8D7CC00A5D1F1 /* header.c */,
				651F6B7417A8D7CC00A5D1F1 /* lm32.c */,
				651F6B7517A8D7CC00A5D1F1 /* lm32.h */,
				651F6B7717A8D7CC00A5D1F1 /* loadelf.c */,
				651F6B7817A8D7CC00A5D1F1 /* loadelf.h */,
				651F6B7917A8D7CC00A5D1F1 /* main.c */,
				651F6B7A17A8D7CC00A5D1F1 /* Makefile */,
				651F6B7B17A8D7CC00A5D1F1 /* memory.c */,
				651F6B7C17A8D7CC00A5D1F1 /* memory.h */,
				651F6B7D17A8D7CC00A5D1F1 /* run_simple.c */,
				651F6B7E17A8D7CC00A5D1F1 /* run_simple.h */,
				651F6B7F17A8D7CC00A5D1F1 /* run_sscalar_io.c */,
				651F6B8017A8D7CC00A5D1F1 /* run_sscalar_oooe.c */,
				651F6B8117A8D7CC00A5D1F1 /* sim.h */,
				6578DC4615F2928A00F19412 /* multisim.1 */,
			);
			path = multisim;
			sourceTree = "<group>";
		};
/* End PBXGroup section */

/* Begin PBXNativeTarget section */
		6578DC3F15F2928A00F19412 /* multisim */ = {
			isa = PBXNativeTarget;
			buildConfigurationList = 6578DC4A15F2928A00F19412 /* Build configuration list for PBXNativeTarget "multisim" */;
			buildPhases = (
				6578DC3C15F2928A00F19412 /* Sources */,
				6578DC3D15F2928A00F19412 /* Frameworks */,
				6578DC3E15F2928A00F19412 /* CopyFiles */,
			);
			buildRules = (
			);
			dependencies = (
			);
			name = multisim;
			productName = multisim;
			productReference = 6578DC4015F2928A00F19412 /* multisim */;
			productType = "com.apple.product-type.tool";
		};
/* End PBXNativeTarget section */

/* Begin PBXProject section */
		6578DC3715F2928A00F19412 /* Project object */ = {
			isa = PBXProject;
			attributes = {
				LastUpgradeCheck = 0440;
				ORGANIZATIONNAME = "Tommy Thorn";
			};
			buildConfigurationList = 6578DC3A15F2928A00F19412 /* Build configuration list for PBXProject "multisim" */;
			compatibilityVersion = "Xcode 3.2";
			developmentRegion = English;
			hasScannedForEncodings = 0;
			knownRegions = (
				en,
			);
			mainGroup = 6578DC3515F2928A00F19412;
			productRefGroup = 6578DC4115F2928A00F19412 /* Products */;
			projectDirPath = "";
			projectRoot = "";
			targets = (
				6578DC3F15F2928A00F19412 /* multisim */,
			);
		};
/* End PBXProject section */

/* Begin PBXSourcesBuildPhase section */
		6578DC3C15F2928A00F19412 /* Sources */ = {
			isa = PBXSourcesBuildPhase;
			buildActionMask = 2147483647;
			files = (
				651F6B8217A8D7CC00A5D1F1 /* alpha.c in Sources */,
				651F6B8317A8D7CC00A5D1F1 /* arch.c in Sources */,
				651F6B8417A8D7CC00A5D1F1 /* footer.c in Sources */,
				651F6B8517A8D7CC00A5D1F1 /* header.c in Sources */,
				651F6B8617A8D7CC00A5D1F1 /* lm32.c in Sources */,
				651F6B8817A8D7CC00A5D1F1 /* loadelf.c in Sources */,
				651F6B8917A8D7CC00A5D1F1 /* main.c in Sources */,
				651F6B8A17A8D7CC00A5D1F1 /* Makefile in Sources */,
				651F6B8B17A8D7CC00A5D1F1 /* memory.c in Sources */,
				651F6B8C17A8D7CC00A5D1F1 /* run_simple.c in Sources */,
				651F6B8D17A8D7CC00A5D1F1 /* run_sscalar_io.c in Sources */,
				651F6B8E17A8D7CC00A5D1F1 /* run_sscalar_oooe.c in Sources */,
			);
			runOnlyForDeploymentPostprocessing = 0;
		};
/* End PBXSourcesBuildPhase section */

/* Begin XCBuildConfiguration section */
		6578DC4815F2928A00F19412 /* Debug */ = {
			isa = XCBuildConfiguration;
			buildSettings = {
				ALWAYS_SEARCH_USER_PATHS = NO;
				ARCHS = "$(ARCHS_STANDARD_64_BIT)";
				CLANG_CXX_LANGUAGE_STANDARD = "gnu++0x";
				CLANG_WARN__DUPLICATE_METHOD_MATCH = YES;
				COPY_PHASE_STRIP = NO;
				GCC_C_LANGUAGE_STANDARD = gnu99;
				GCC_DYNAMIC_NO_PIC = NO;
				GCC_ENABLE_OBJC_EXCEPTIONS = YES;
				GCC_OPTIMIZATION_LEVEL = 0;
				GCC_PREPROCESSOR_DEFINITIONS = (
					"DEBUG=1",
					"$(inherited)",
				);
				GCC_SYMBOLS_PRIVATE_EXTERN = NO;
				GCC_WARN_64_TO_32_BIT_CONVERSION = YES;
				GCC_WARN_ABOUT_RETURN_TYPE = YES;
				GCC_WARN_MISSING_PARENTHESES = NO;
				GCC_WARN_UNINITIALIZED_AUTOS = YES;
				GCC_WARN_UNUSED_VARIABLE = YES;
				HEADER_SEARCH_PATHS = /opt/local/include;
				MACOSX_DEPLOYMENT_TARGET = 10.7;
				ONLY_ACTIVE_ARCH = YES;
				RUN_CLANG_STATIC_ANALYZER = YES;
				SDKROOT = macosx;
			};
			name = Debug;
		};
		6578DC4915F2928A00F19412 /* Release */ = {
			isa = XCBuildConfiguration;
			buildSettings = {
				ALWAYS_SEARCH_USER_PATHS = NO;
				ARCHS = "$(ARCHS_STANDARD_64_BIT)";
				CLANG_CXX_LANGUAGE_STANDARD = "gnu++0x";
				CLANG_WARN__DUPLICATE_METHOD_MATCH = YES;
				COPY_PHASE_STRIP = YES;
				DEBUG_INFORMATION_FORMAT = "dwarf-with-dsym";
				GCC_C_LANGUAGE_STANDARD = gnu99;
				GCC_ENABLE_OBJC_EXCEPTIONS = YES;
				GCC_WARN_64_TO_32_BIT_CONVERSION = YES;
				GCC_WARN_ABOUT_RETURN_TYPE = YES;
				GCC_WARN_MISSING_PARENTHESES = NO;
				GCC_WARN_UNINITIALIZED_AUTOS = YES;
				GCC_WARN_UNUSED_VARIABLE = YES;
				HEADER_SEARCH_PATHS = /opt/local/include;
				MACOSX_DEPLOYMENT_TARGET = 10.7;
				RUN_CLANG_STATIC_ANALYZER = YES;
				SDKROOT = macosx;
			};
			name = Release;
		};
		6578DC4B15F2928A00F19412 /* Debug */ = {
			isa = XCBuildConfiguration;
			buildSettings = {
				PRODUCT_NAME = "$(TARGET_NAME)";
			};
			name = Debug;
		};
		6578DC4C15F2928A00F19412 /* Release */ = {
			isa = XCBuildConfiguration;
			buildSettings = {
				PRODUCT_NAME = "$(TARGET_NAME)";
			};
			name = Release;
		};
/* End XCBuildConfiguration section */

/* Begin XCConfigurationList section */
		6578DC3A15F2928A00F19412 /* Build configuration list for PBXProject "multisim" */ = {
			isa = XCConfigurationList;
			buildConfigurations = (
				6578DC4815F2928A00F19412 /* Debug */,
				6578DC4915F2928A00F19412 /* Release */,
			);
			defaultConfigurationIsVisible = 0;
			defaultConfigurationName = Release;
		};
		6578DC4A15F2928A00F19412 /* Build configuration list for PBXNativeTarget "multisim" */ = {
			isa = XCConfigurationList;
			buildConfigurations = (
				6578DC4B15F2928A00F19412 /* Debug */,
				6578DC4C15F2928A00F19412 /* Release */,
			);
			defaultConfigurationIsVisible = 0;
			defaultConfigurationName = Release;
		};
/* End XCConfigurationList section */
	};
	rootObject = 6578DC3715F2928A00F19412 /* Project object */;
}
